
Microsoft Visual Studio Solution File, Format Version 12.00
# Visual Studio Version 16
VisualStudioVersion = 16.0.32929.386
MinimumVisualStudioVersion = 10.0.40219.1
Project("{FAE04EC0-301F-11D3-BF4B-00C04F79EFBC}") = "PictureViewerAmbrosenko", "PictureViewerAmbrosenko\PictureViewerAmbrosenko.csproj", "{FCAD73A1-F55F-4A18-9DF3-332E3DAB200C}"
EndProject
Global
	GlobalSection(SolutionConfigurationPlatforms) = preSolution
		Debug|Any CPU = Debug|Any CPU
		Release|Any CPU = Release|Any CPU
	EndGlobalSection
	GlobalSection(ProjectConfigurationPlatforms) = postSolution
		{FCAD73A1-F55F-4A18-9DF3-332E3DAB200C}.Debug|Any CPU.ActiveCfg = Debug|Any CPU
		{FCAD73A1-F55F-4A18-9DF3-332E3DAB200C}.Debug|Any CPU.Build.0 = Debug|Any CPU
		{FCAD73A1-F55F-4A18-9DF3-332E3DAB200C}.Release|Any CPU.ActiveCfg = Release|Any CPU
		{FCAD73A1-F55F-4A18-9DF3-332E3DAB200C}.Release|Any CPU.Build.0 = Release|Any CPU
	EndGlobalSection
	GlobalSection(SolutionProperties) = preSolution
		HideSolutionNode = FALSE
	EndGlobalSection
	GlobalSection(ExtensibilityGlobals) = postSolution
		SolutionGuid = {2FA586DE-4792-43E3-BE61-AEC48C26ACF3}
	EndGlobalSection
EndGlobal
